
Microsoft Visual Studio Solution File, Format Version 12.00
# Visual Studio Version 17
VisualStudioVersion = 17.2.32526.322
MinimumVisualStudioVersion = 10.0.40219.1
Project("{FAE04EC0-301F-11D3-BF4B-00C04F79EFBC}") = "Hello GitHub", "Hello GitHub\Hello GitHub.csproj", "{A46797F3-D79C-446D-BA73-6CFDF7346FBF}"
EndProject
Global
	GlobalSection(SolutionConfigurationPlatforms) = preSolution
		Debug|Any CPU = Debug|Any CPU
		Release|Any CPU = Release|Any CPU
	EndGlobalSection
	GlobalSection(ProjectConfigurationPlatforms) = postSolution
		{A46797F3-D79C-446D-BA73-6CFDF7346FBF}.Debug|Any CPU.ActiveCfg = Debug|Any CPU
		{A46797F3-D79C-446D-BA73-6CFDF7346FBF}.Debug|Any CPU.Build.0 = Debug|Any CPU
		{A46797F3-D79C-446D-BA73-6CFDF7346FBF}.Release|Any CPU.ActiveCfg = Release|Any CPU
		{A46797F3-D79C-446D-BA73-6CFDF7346FBF}.Release|Any CPU.Build.0 = Release|Any CPU
	EndGlobalSection
	GlobalSection(SolutionProperties) = preSolution
		HideSolutionNode = FALSE
	EndGlobalSection
	GlobalSection(ExtensibilityGlobals) = postSolution
		SolutionGuid = {A1961C69-0358-4929-A9A2-A6FF8E09E771}
	EndGlobalSection
EndGlobal
